
Microsoft Visual Studio Solution File, Format Version 12.00
# Visual Studio 15
VisualStudioVersion = 15.0.28307.1209
MinimumVisualStudioVersion = 10.0.40219.1
Project("{FAE04EC0-301F-11D3-BF4B-00C04F79EFBC}") = "SpeechRecognition", "SpeechRecognition\SpeechRecognition.csproj", "{C5FBD9B2-1F49-4858-A44E-BC4302CB9C9D}"
EndProject
Global
	GlobalSection(SolutionConfigurationPlatforms) = preSolution
		Debug|Any CPU = Debug|Any CPU
		Release|Any CPU = Release|Any CPU
	EndGlobalSection
	GlobalSection(ProjectConfigurationPlatforms) = postSolution
		{C5FBD9B2-1F49-4858-A44E-BC4302CB9C9D}.Debug|Any CPU.ActiveCfg = Debug|Any CPU
		{C5FBD9B2-1F49-4858-A44E-BC4302CB9C9D}.Debug|Any CPU.Build.0 = Debug|Any CPU
		{C5FBD9B2-1F49-4858-A44E-BC4302CB9C9D}.Release|Any CPU.ActiveCfg = Release|Any CPU
		{C5FBD9B2-1F49-4858-A44E-BC4302CB9C9D}.Release|Any CPU.Build.0 = Release|Any CPU
	EndGlobalSection
	GlobalSection(SolutionProperties) = preSolution
		HideSolutionNode = FALSE
	EndGlobalSection
	GlobalSection(ExtensibilityGlobals) = postSolution
		SolutionGuid = {044E54D4-CBA5-4605-9B2C-EDE561A68F04}
	EndGlobalSection
EndGlobal
